
Microsoft Visual Studio Solution File, Format Version 12.00
# Visual Studio Version 16
VisualStudioVersion = 16.0.30621.155
MinimumVisualStudioVersion = 10.0.40219.1
Project("{FAE04EC0-301F-11D3-BF4B-00C04F79EFBC}") = "SORU_2_b201210302_rabia_abdioglu_odev_2", "SORU_2_b201210302_rabia_abdioglu_odev_2\SORU_2_b201210302_rabia_abdioglu_odev_2.csproj", "{F05E4C59-60AE-4F96-AF45-012BBD1B98EB}"
EndProject
Global
	GlobalSection(SolutionConfigurationPlatforms) = preSolution
		Debug|Any CPU = Debug|Any CPU
		Release|Any CPU = Release|Any CPU
	EndGlobalSection
	GlobalSection(ProjectConfigurationPlatforms) = postSolution
		{F05E4C59-60AE-4F96-AF45-012BBD1B98EB}.Debug|Any CPU.ActiveCfg = Debug|Any CPU
		{F05E4C59-60AE-4F96-AF45-012BBD1B98EB}.Debug|Any CPU.Build.0 = Debug|Any CPU
		{F05E4C59-60AE-4F96-AF45-012BBD1B98EB}.Release|Any CPU.ActiveCfg = Release|Any CPU
		{F05E4C59-60AE-4F96-AF45-012BBD1B98EB}.Release|Any CPU.Build.0 = Release|Any CPU
	EndGlobalSection
	GlobalSection(SolutionProperties) = preSolution
		HideSolutionNode = FALSE
	EndGlobalSection
	GlobalSection(ExtensibilityGlobals) = postSolution
		SolutionGuid = {3149F589-61DA-4ED5-8414-5078E14E9B70}
	EndGlobalSection
EndGlobal
